# This file was autogenerated by Stack.
# You should not edit this file by hand.
# For more information, please see the documentation at:
#   https://docs.haskellstack.org/en/stable/lock_files

packages:
- completed:
    subdir: inline-js
    name: inline-js
    version: 0.0.1.0
    git: https://github.com/tweag/inline-js.git
    pantry-tree:
      size: 567
      sha256: 3a35ca0a97e12fb3d873af7ae6f79cf914a18045f7294255bfafebe35c26eabc
    commit: ef675745e84d23d51c50660d40acf9e684fbb2d6
  original:
    subdir: inline-js
    git: https://github.com/tweag/inline-js.git
    commit: ef675745e84d23d51c50660d40acf9e684fbb2d6
- completed:
    subdir: inline-js-core
    name: inline-js-core
    version: 0.0.1.0
    git: https://github.com/tweag/inline-js.git
    pantry-tree:
      size: 1521
      sha256: cc30d1bbd5a1d49d5f1f616a05abb9328279e415f557f104344d173db953cd2d
    commit: ef675745e84d23d51c50660d40acf9e684fbb2d6
  original:
    subdir: inline-js-core
    git: https://github.com/tweag/inline-js.git
    commit: ef675745e84d23d51c50660d40acf9e684fbb2d6
snapshots:
- completed:
    size: 533252
    url: https://raw.githubusercontent.com/commercialhaskell/stackage-snapshots/master/lts/16/26.yaml
    sha256: cdbc5db9c1afe80a5998247939027a0c7db92fa0f20b5cd01596ec3da628b622
  original: lts-16.26
