# This file was autogenerated by Stack.
# You should not edit this file by hand.
# For more information, please see the documentation at:
#   https://docs.haskellstack.org/en/stable/lock_files

packages:
- completed:
    hackage: hs-duktape-1.0.0@sha256:cf0ff26f96ef5a79d9e8230d5e6eef296dd1bee306151a2e4f133a05e2ab469b,1866
    pantry-tree:
      sha256: 7139ff5aea172a26d5724769a9ae75fb3738dbc9038ec4d6a89fa5f79b6e9872
      size: 747
  original:
    hackage: hs-duktape-1.0.0
snapshots:
- completed:
    sha256: edbd50d7e7c85c13ad5f5835ae2db92fab1e9cf05ecf85340e2622ec0a303df1
    size: 720020
    url: https://raw.githubusercontent.com/commercialhaskell/stackage-snapshots/master/lts/22/34.yaml
  original: lts-22.34
